
Microsoft Visual Studio Solution File, Format Version 12.00
# Visual Studio Version 16
VisualStudioVersion = 16.0.29911.84
MinimumVisualStudioVersion = 10.0.40219.1
Project("{FAE04EC0-301F-11D3-BF4B-00C04F79EFBC}") = "Calculator_Methods", "Calculator_Methods\Calculator_Methods.csproj", "{58EDD959-D599-4619-BA32-77D840A898F9}"
EndProject
Global
	GlobalSection(SolutionConfigurationPlatforms) = preSolution
		Debug|Any CPU = Debug|Any CPU
		Release|Any CPU = Release|Any CPU
	EndGlobalSection
	GlobalSection(ProjectConfigurationPlatforms) = postSolution
		{58EDD959-D599-4619-BA32-77D840A898F9}.Debug|Any CPU.ActiveCfg = Debug|Any CPU
		{58EDD959-D599-4619-BA32-77D840A898F9}.Debug|Any CPU.Build.0 = Debug|Any CPU
		{58EDD959-D599-4619-BA32-77D840A898F9}.Release|Any CPU.ActiveCfg = Release|Any CPU
		{58EDD959-D599-4619-BA32-77D840A898F9}.Release|Any CPU.Build.0 = Release|Any CPU
	EndGlobalSection
	GlobalSection(SolutionProperties) = preSolution
		HideSolutionNode = FALSE
	EndGlobalSection
	GlobalSection(ExtensibilityGlobals) = postSolution
		SolutionGuid = {9133B360-D7E7-46F4-BDC4-F70B7E5FBE5F}
	EndGlobalSection
EndGlobal
