
Microsoft Visual Studio Solution File, Format Version 12.00
# Visual Studio Version 16
VisualStudioVersion = 16.0.30002.166
MinimumVisualStudioVersion = 10.0.40219.1
Project("{FAE04EC0-301F-11D3-BF4B-00C04F79EFBC}") = "Lottary", "Lottary\Lottary.csproj", "{8B9532EC-ABC6-4044-B2AE-01C6BB424E0C}"
EndProject
Project("{FAE04EC0-301F-11D3-BF4B-00C04F79EFBC}") = "LottoServices", "LottoServices\LottoServices.csproj", "{4D722766-2C4F-4D75-B470-0B02443D737A}"
EndProject
Global
	GlobalSection(SolutionConfigurationPlatforms) = preSolution
		Debug|Any CPU = Debug|Any CPU
		Release|Any CPU = Release|Any CPU
	EndGlobalSection
	GlobalSection(ProjectConfigurationPlatforms) = postSolution
		{8B9532EC-ABC6-4044-B2AE-01C6BB424E0C}.Debug|Any CPU.ActiveCfg = Debug|Any CPU
		{8B9532EC-ABC6-4044-B2AE-01C6BB424E0C}.Debug|Any CPU.Build.0 = Debug|Any CPU
		{8B9532EC-ABC6-4044-B2AE-01C6BB424E0C}.Release|Any CPU.ActiveCfg = Release|Any CPU
		{8B9532EC-ABC6-4044-B2AE-01C6BB424E0C}.Release|Any CPU.Build.0 = Release|Any CPU
		{4D722766-2C4F-4D75-B470-0B02443D737A}.Debug|Any CPU.ActiveCfg = Debug|Any CPU
		{4D722766-2C4F-4D75-B470-0B02443D737A}.Debug|Any CPU.Build.0 = Debug|Any CPU
		{4D722766-2C4F-4D75-B470-0B02443D737A}.Release|Any CPU.ActiveCfg = Release|Any CPU
		{4D722766-2C4F-4D75-B470-0B02443D737A}.Release|Any CPU.Build.0 = Release|Any CPU
	EndGlobalSection
	GlobalSection(SolutionProperties) = preSolution
		HideSolutionNode = FALSE
	EndGlobalSection
	GlobalSection(ExtensibilityGlobals) = postSolution
		SolutionGuid = {96F164A0-97FB-440D-B13D-02A26739FE0E}
	EndGlobalSection
EndGlobal
