
Microsoft Visual Studio Solution File, Format Version 12.00
# Visual Studio Version 16
VisualStudioVersion = 16.0.30011.22
MinimumVisualStudioVersion = 10.0.40219.1
Project("{FAE04EC0-301F-11D3-BF4B-00C04F79EFBC}") = "Calculator", "Calculator\Calculator.csproj", "{A0CF7419-F40C-40B2-BB34-A4182C331220}"
EndProject
Global
	GlobalSection(SolutionConfigurationPlatforms) = preSolution
		Debug|Any CPU = Debug|Any CPU
		Release|Any CPU = Release|Any CPU
	EndGlobalSection
	GlobalSection(ProjectConfigurationPlatforms) = postSolution
		{A0CF7419-F40C-40B2-BB34-A4182C331220}.Debug|Any CPU.ActiveCfg = Debug|Any CPU
		{A0CF7419-F40C-40B2-BB34-A4182C331220}.Debug|Any CPU.Build.0 = Debug|Any CPU
		{A0CF7419-F40C-40B2-BB34-A4182C331220}.Release|Any CPU.ActiveCfg = Release|Any CPU
		{A0CF7419-F40C-40B2-BB34-A4182C331220}.Release|Any CPU.Build.0 = Release|Any CPU
	EndGlobalSection
	GlobalSection(SolutionProperties) = preSolution
		HideSolutionNode = FALSE
	EndGlobalSection
	GlobalSection(ExtensibilityGlobals) = postSolution
		SolutionGuid = {33469AB2-2CEC-455B-9FCB-B86B38B1AAC3}
	EndGlobalSection
EndGlobal
