
Microsoft Visual Studio Solution File, Format Version 12.00
# Visual Studio Version 16
VisualStudioVersion = 16.0.29905.134
MinimumVisualStudioVersion = 10.0.40219.1
Project("{FAE04EC0-301F-11D3-BF4B-00C04F79EFBC}") = "RealCalculatorApp", "RealCalculatorApp\RealCalculatorApp.csproj", "{211E23B9-D86A-403A-ADF1-C092DB279893}"
EndProject
Global
	GlobalSection(SolutionConfigurationPlatforms) = preSolution
		Debug|Any CPU = Debug|Any CPU
		Release|Any CPU = Release|Any CPU
	EndGlobalSection
	GlobalSection(ProjectConfigurationPlatforms) = postSolution
		{211E23B9-D86A-403A-ADF1-C092DB279893}.Debug|Any CPU.ActiveCfg = Debug|Any CPU
		{211E23B9-D86A-403A-ADF1-C092DB279893}.Debug|Any CPU.Build.0 = Debug|Any CPU
		{211E23B9-D86A-403A-ADF1-C092DB279893}.Release|Any CPU.ActiveCfg = Release|Any CPU
		{211E23B9-D86A-403A-ADF1-C092DB279893}.Release|Any CPU.Build.0 = Release|Any CPU
	EndGlobalSection
	GlobalSection(SolutionProperties) = preSolution
		HideSolutionNode = FALSE
	EndGlobalSection
	GlobalSection(ExtensibilityGlobals) = postSolution
		SolutionGuid = {372CCCE8-2197-4732-9C61-0DB8AC9E756B}
	EndGlobalSection
EndGlobal
