
Microsoft Visual Studio Solution File, Format Version 12.00
# Visual Studio Version 16
VisualStudioVersion = 16.0.30011.22
MinimumVisualStudioVersion = 10.0.40219.1
Project("{FAE04EC0-301F-11D3-BF4B-00C04F79EFBC}") = "LINQ.App", "LINQ.App\LINQ.App.csproj", "{0378BE98-1DB8-4261-B8F0-9E4635433E37}"
EndProject
Global
	GlobalSection(SolutionConfigurationPlatforms) = preSolution
		Debug|Any CPU = Debug|Any CPU
		Release|Any CPU = Release|Any CPU
	EndGlobalSection
	GlobalSection(ProjectConfigurationPlatforms) = postSolution
		{0378BE98-1DB8-4261-B8F0-9E4635433E37}.Debug|Any CPU.ActiveCfg = Debug|Any CPU
		{0378BE98-1DB8-4261-B8F0-9E4635433E37}.Debug|Any CPU.Build.0 = Debug|Any CPU
		{0378BE98-1DB8-4261-B8F0-9E4635433E37}.Release|Any CPU.ActiveCfg = Release|Any CPU
		{0378BE98-1DB8-4261-B8F0-9E4635433E37}.Release|Any CPU.Build.0 = Release|Any CPU
	EndGlobalSection
	GlobalSection(SolutionProperties) = preSolution
		HideSolutionNode = FALSE
	EndGlobalSection
	GlobalSection(ExtensibilityGlobals) = postSolution
		SolutionGuid = {337F0555-BD53-426E-BEDF-3C8ECE4940BD}
	EndGlobalSection
EndGlobal
